// !$*UTF8*$!
{
	archiveVersion = 1;
	classes = {
	};
	objectVersion = 51;
	objects = {

/* Begin PBXBuildFile section */
		027D6E486322E5CAAD691A4E /* Pods_week11_SVPHUD.framework in Frameworks */ = {isa = PBXBuildFile; fileRef = 264E6E35079C1E5C4003DE49 /* Pods_week11_SVPHUD.framework */; };
		C2DA2D70242F7E1B009B4A20 /* AppDelegate.swift in Sources */ = {isa = PBXBuildFile; fileRef = C2DA2D6F242F7E1B009B4A20 /* AppDelegate.swift */; };
		C2DA2D72242F7E1B009B4A20 /* SceneDelegate.swift in Sources */ = {isa = PBXBuildFile; fileRef = C2DA2D71242F7E1B009B4A20 /* SceneDelegate.swift */; };
		C2DA2D74242F7E1B009B4A20 /* ViewController.swift in Sources */ = {isa = PBXBuildFile; fileRef = C2DA2D73242F7E1B009B4A20 /* ViewController.swift */; };
		C2DA2D77242F7E1B009B4A20 /* Main.storyboard in Resources */ = {isa = PBXBuildFile; fileRef = C2DA2D75242F7E1B009B4A20 /* Main.storyboard */; };
		C2DA2D79242F7E1C009B4A20 /* Assets.xcassets in Resources */ = {isa = PBXBuildFile; fileRef = C2DA2D78242F7E1C009B4A20 /* Assets.xcassets */; };
		C2DA2D7C242F7E1C009B4A20 /* LaunchScreen.storyboard in Resources */ = {isa = PBXBuildFile; fileRef = C2DA2D7A242F7E1C009B4A20 /* LaunchScreen.storyboard */; };
		C2DA2D84242F85DD009B4A20 /* User.swift in Sources */ = {isa = PBXBuildFile; fileRef = C2DA2D83242F85DD009B4A20 /* User.swift */; };
/* End PBXBuildFile section */

/* Begin PBXFileReference section */
		264E6E35079C1E5C4003DE49 /* Pods_week11_SVPHUD.framework */ = {isa = PBXFileReference; explicitFileType = wrapper.framework; includeInIndex = 0; path = Pods_week11_SVPHUD.framework; sourceTree = BUILT_PRODUCTS_DIR; };
		8FF708977A7B268560A23311 /* Pods-week11_SVPHUD.release.xcconfig */ = {isa = PBXFileReference; includeInIndex = 1; lastKnownFileType = text.xcconfig; name = "Pods-week11_SVPHUD.release.xcconfig"; path = "Target Support Files/Pods-week11_SVPHUD/Pods-week11_SVPHUD.release.xcconfig"; sourceTree = "<group>"; };
		C2DA2D6C242F7E1B009B4A20 /* week11_SVPHUD.app */ = {isa = PBXFileReference; explicitFileType = wrapper.application; includeInIndex = 0; path = week11_SVPHUD.app; sourceTree = BUILT_PRODUCTS_DIR; };
		C2DA2D6F242F7E1B009B4A20 /* AppDelegate.swift */ = {isa = PBXFileReference; lastKnownFileType = sourcecode.swift; path = AppDelegate.swift; sourceTree = "<group>"; };
		C2DA2D71242F7E1B009B4A20 /* SceneDelegate.swift */ = {isa = PBXFileReference; lastKnownFileType = sourcecode.swift; path = SceneDelegate.swift; sourceTree = "<group>"; };
		C2DA2D73242F7E1B009B4A20 /* ViewController.swift */ = {isa = PBXFileReference; lastKnownFileType = sourcecode.swift; path = ViewController.swift; sourceTree = "<group>"; };
		C2DA2D76242F7E1B009B4A20 /* Base */ = {isa = PBXFileReference; lastKnownFileType = file.storyboard; name = Base; path = Base.lproj/Main.storyboard; sourceTree = "<group>"; };
		C2DA2D78242F7E1C009B4A20 /* Assets.xcassets */ = {isa = PBXFileReference; lastKnownFileType = folder.assetcatalog; path = Assets.xcassets; sourceTree = "<group>"; };
		C2DA2D7B242F7E1C009B4A20 /* Base */ = {isa = PBXFileReference; lastKnownFileType = file.storyboard; name = Base; path = Base.lproj/LaunchScreen.storyboard; sourceTree = "<group>"; };
		C2DA2D7D242F7E1C009B4A20 /* Info.plist */ = {isa = PBXFileReference; lastKnownFileType = text.plist.xml; path = Info.plist; sourceTree = "<group>"; };
		C2DA2D83242F85DD009B4A20 /* User.swift */ = {isa = PBXFileReference; lastKnownFileType = sourcecode.swift; path = User.swift; sourceTree = "<group>"; };
		E099D432E27A1980040BC9A3 /* Pods-week11_SVPHUD.debug.xcconfig */ = {isa = PBXFileReference; includeInIndex = 1; lastKnownFileType = text.xcconfig; name = "Pods-week11_SVPHUD.debug.xcconfig"; path = "Target Support Files/Pods-week11_SVPHUD/Pods-week11_SVPHUD.debug.xcconfig"; sourceTree = "<group>"; };
/* End PBXFileReference section */

/* Begin PBXFrameworksBuildPhase section */
		C2DA2D69242F7E1B009B4A20 /* Frameworks */ = {
			isa = PBXFrameworksBuildPhase;
			buildActionMask = 2147483647;
			files = (
				027D6E486322E5CAAD691A4E /* Pods_week11_SVPHUD.framework in Frameworks */,
			);
			runOnlyForDeploymentPostprocessing = 0;
		};
/* End PBXFrameworksBuildPhase section */

/* Begin PBXGroup section */
		377C369236384902921CF126 /* Frameworks */ = {
			isa = PBXGroup;
			children = (
				264E6E35079C1E5C4003DE49 /* Pods_week11_SVPHUD.framework */,
			);
			name = Frameworks;
			sourceTree = "<group>";
		};
		C2DA2D63242F7E1B009B4A20 = {
			isa = PBXGroup;
			children = (
				C2DA2D6E242F7E1B009B4A20 /* week11_SVPHUD */,
				C2DA2D6D242F7E1B009B4A20 /* Products */,
				F46301FB2C018AC2F62B1D06 /* Pods */,
				377C369236384902921CF126 /* Frameworks */,
			);
			sourceTree = "<group>";
		};
		C2DA2D6D242F7E1B009B4A20 /* Products */ = {
			isa = PBXGroup;
			children = (
				C2DA2D6C242F7E1B009B4A20 /* week11_SVPHUD.app */,
			);
			name = Products;
			sourceTree = "<group>";
		};
		C2DA2D6E242F7E1B009B4A20 /* week11_SVPHUD */ = {
			isa = PBXGroup;
			children = (
				C2DA2D6F242F7E1B009B4A20 /* AppDelegate.swift */,
				C2DA2D71242F7E1B009B4A20 /* SceneDelegate.swift */,
				C2DA2D73242F7E1B009B4A20 /* ViewController.swift */,
				C2DA2D75242F7E1B009B4A20 /* Main.storyboard */,
				C2DA2D78242F7E1C009B4A20 /* Assets.xcassets */,
				C2DA2D7A242F7E1C009B4A20 /* LaunchScreen.storyboard */,
				C2DA2D7D242F7E1C009B4A20 /* Info.plist */,
				C2DA2D83242F85DD009B4A20 /* User.swift */,
			);
			path = week11_SVPHUD;
			sourceTree = "<group>";
		};
		F46301FB2C018AC2F62B1D06 /* Pods */ = {
			isa = PBXGroup;
			children = (
				E099D432E27A1980040BC9A3 /* Pods-week11_SVPHUD.debug.xcconfig */,
				8FF708977A7B268560A23311 /* Pods-week11_SVPHUD.release.xcconfig */,
			);
			path = Pods;
			sourceTree = "<group>";
		};
/* End PBXGroup section */

/* Begin PBXNativeTarget section */
		C2DA2D6B242F7E1B009B4A20 /* week11_SVPHUD */ = {
			isa = PBXNativeTarget;
			buildConfigurationList = C2DA2D80242F7E1C009B4A20 /* Build configuration list for PBXNativeTarget "week11_SVPHUD" */;
			buildPhases = (
				8BA343D9F839749C818F98B0 /* [CP] Check Pods Manifest.lock */,
				C2DA2D68242F7E1B009B4A20 /* Sources */,
				C2DA2D69242F7E1B009B4A20 /* Frameworks */,
				C2DA2D6A242F7E1B009B4A20 /* Resources */,
				3A572BEFB4A9ADBAE9F42BB6 /* [CP] Embed Pods Frameworks */,
			);
			buildRules = (
			);
			dependencies = (
			);
			name = week11_SVPHUD;
			productName = week11_SVPHUD;
			productReference = C2DA2D6C242F7E1B009B4A20 /* week11_SVPHUD.app */;
			productType = "com.apple.product-type.application";
		};
/* End PBXNativeTarget section */

/* Begin PBXProject section */
		C2DA2D64242F7E1B009B4A20 /* Project object */ = {
			isa = PBXProject;
			attributes = {
				LastSwiftUpdateCheck = 1130;
				LastUpgradeCheck = 1130;
				ORGANIZATIONNAME = "Elnara ";
				TargetAttributes = {
					C2DA2D6B242F7E1B009B4A20 = {
						CreatedOnToolsVersion = 11.3.1;
					};
				};
			};
			buildConfigurationList = C2DA2D67242F7E1B009B4A20 /* Build configuration list for PBXProject "week11_SVPHUD" */;
			compatibilityVersion = "Xcode 9.3";
			developmentRegion = en;
			hasScannedForEncodings = 0;
			knownRegions = (
				en,
				Base,
			);
			mainGroup = C2DA2D63242F7E1B009B4A20;
			productRefGroup = C2DA2D6D242F7E1B009B4A20 /* Products */;
			projectDirPath = "";
			projectRoot = "";
			targets = (
				C2DA2D6B242F7E1B009B4A20 /* week11_SVPHUD */,
			);
		};
/* End PBXProject section */

/* Begin PBXResourcesBuildPhase section */
		C2DA2D6A242F7E1B009B4A20 /* Resources */ = {
			isa = PBXResourcesBuildPhase;
			buildActionMask = 2147483647;
			files = (
				C2DA2D7C242F7E1C009B4A20 /* LaunchScreen.storyboard in Resources */,
				C2DA2D79242F7E1C009B4A20 /* Assets.xcassets in Resources */,
				C2DA2D77242F7E1B009B4A20 /* Main.storyboard in Resources */,
			);
			runOnlyForDeploymentPostprocessing = 0;
		};
/* End PBXResourcesBuildPhase section */

/* Begin PBXShellScriptBuildPhase section */
		3A572BEFB4A9ADBAE9F42BB6 /* [CP] Embed Pods Frameworks */ = {
			isa = PBXShellScriptBuildPhase;
			buildActionMask = 2147483647;
			files = (
			);
			inputFileListPaths = (
				"${PODS_ROOT}/Target Support Files/Pods-week11_SVPHUD/Pods-week11_SVPHUD-frameworks-${CONFIGURATION}-input-files.xcfilelist",
			);
			name = "[CP] Embed Pods Frameworks";
			outputFileListPaths = (
				"${PODS_ROOT}/Target Support Files/Pods-week11_SVPHUD/Pods-week11_SVPHUD-frameworks-${CONFIGURATION}-output-files.xcfilelist",
			);
			runOnlyForDeploymentPostprocessing = 0;
			shellPath = /bin/sh;
			shellScript = "\"${PODS_ROOT}/Target Support Files/Pods-week11_SVPHUD/Pods-week11_SVPHUD-frameworks.sh\"\n";
			showEnvVarsInLog = 0;
		};
		8BA343D9F839749C818F98B0 /* [CP] Check Pods Manifest.lock */ = {
			isa = PBXShellScriptBuildPhase;
			buildActionMask = 2147483647;
			files = (
			);
			inputFileListPaths = (
			);
			inputPaths = (
				"${PODS_PODFILE_DIR_PATH}/Podfile.lock",
				"${PODS_ROOT}/Manifest.lock",
			);
			name = "[CP] Check Pods Manifest.lock";
			outputFileListPaths = (
			);
			outputPaths = (
				"$(DERIVED_FILE_DIR)/Pods-week11_SVPHUD-checkManifestLockResult.txt",
			);
			runOnlyForDeploymentPostprocessing = 0;
			shellPath = /bin/sh;
			shellScript = "diff \"${PODS_PODFILE_DIR_PATH}/Podfile.lock\" \"${PODS_ROOT}/Manifest.lock\" > /dev/null\nif [ $? != 0 ] ; then\n    # print error to STDERR\n    echo \"error: The sandbox is not in sync with the Podfile.lock. Run 'pod install' or update your CocoaPods installation.\" >&2\n    exit 1\nfi\n# This output is used by Xcode 'outputs' to avoid re-running this script phase.\necho \"SUCCESS\" > \"${SCRIPT_OUTPUT_FILE_0}\"\n";
			showEnvVarsInLog = 0;
		};
/* End PBXShellScriptBuildPhase section */

/* Begin PBXSourcesBuildPhase section */
		C2DA2D68242F7E1B009B4A20 /* Sources */ = {
			isa = PBXSourcesBuildPhase;
			buildActionMask = 2147483647;
			files = (
				C2DA2D74242F7E1B009B4A20 /* ViewController.swift in Sources */,
				C2DA2D84242F85DD009B4A20 /* User.swift in Sources */,
				C2DA2D70242F7E1B009B4A20 /* AppDelegate.swift in Sources */,
				C2DA2D72242F7E1B009B4A20 /* SceneDelegate.swift in Sources */,
			);
			runOnlyForDeploymentPostprocessing = 0;
		};
/* End PBXSourcesBuildPhase section */

/* Begin PBXVariantGroup section */
		C2DA2D75242F7E1B009B4A20 /* Main.storyboard */ = {
			isa = PBXVariantGroup;
			children = (
				C2DA2D76242F7E1B009B4A20 /* Base */,
			);
			name = Main.storyboard;
			sourceTree = "<group>";
		};
		C2DA2D7A242F7E1C009B4A20 /* LaunchScreen.storyboard */ = {
			isa = PBXVariantGroup;
			children = (
				C2DA2D7B242F7E1C009B4A20 /* Base */,
			);
			name = LaunchScreen.storyboard;
			sourceTree = "<group>";
		};
/* End PBXVariantGroup section */

/* Begin XCBuildConfiguration section */
		C2DA2D7E242F7E1C009B4A20 /* Debug */ = {
			isa = XCBuildConfiguration;
			buildSettings = {
				ALWAYS_SEARCH_USER_PATHS = NO;
				CLANG_ANALYZER_NONNULL = YES;
				CLANG_ANALYZER_NUMBER_OBJECT_CONVERSION = YES_AGGRESSIVE;
				CLANG_CXX_LANGUAGE_STANDARD = "gnu++14";
				CLANG_CXX_LIBRARY = "libc++";
				CLANG_ENABLE_MODULES = YES;
				CLANG_ENABLE_OBJC_ARC = YES;
				CLANG_ENABLE_OBJC_WEAK = YES;
				CLANG_WARN_BLOCK_CAPTURE_AUTORELEASING = YES;
				CLANG_WARN_BOOL_CONVERSION = YES;
				CLANG_WARN_COMMA = YES;
				CLANG_WARN_CONSTANT_CONVERSION = YES;
				CLANG_WARN_DEPRECATED_OBJC_IMPLEMENTATIONS = YES;
				CLANG_WARN_DIRECT_OBJC_ISA_USAGE = YES_ERROR;
				CLANG_WARN_DOCUMENTATION_COMMENTS = YES;
				CLANG_WARN_EMPTY_BODY = YES;
				CLANG_WARN_ENUM_CONVERSION = YES;
				CLANG_WARN_INFINITE_RECURSION = YES;
				CLANG_WARN_INT_CONVERSION = YES;
				CLANG_WARN_NON_LITERAL_NULL_CONVERSION = YES;
				CLANG_WARN_OBJC_IMPLICIT_RETAIN_SELF = YES;
				CLANG_WARN_OBJC_LITERAL_CONVERSION = YES;
				CLANG_WARN_OBJC_ROOT_CLASS = YES_ERROR;
				CLANG_WARN_RANGE_LOOP_ANALYSIS = YES;
				CLANG_WARN_STRICT_PROTOTYPES = YES;
				CLANG_WARN_SUSPICIOUS_MOVE = YES;
				CLANG_WARN_UNGUARDED_AVAILABILITY = YES_AGGRESSIVE;
				CLANG_WARN_UNREACHABLE_CODE = YES;
				CLANG_WARN__DUPLICATE_METHOD_MATCH = YES;
				COPY_PHASE_STRIP = NO;
				DEBUG_INFORMATION_FORMAT = dwarf;
				ENABLE_STRICT_OBJC_MSGSEND = YES;
				ENABLE_TESTABILITY = YES;
				GCC_C_LANGUAGE_STANDARD = gnu11;
				GCC_DYNAMIC_NO_PIC = NO;
				GCC_NO_COMMON_BLOCKS = YES;
				GCC_OPTIMIZATION_LEVEL = 0;
				GCC_PREPROCESSOR_DEFINITIONS = (
					"DEBUG=1",
					"$(inherited)",
				);
				GCC_WARN_64_TO_32_BIT_CONVERSION = YES;
				GCC_WARN_ABOUT_RETURN_TYPE = YES_ERROR;
				GCC_WARN_UNDECLARED_SELECTOR = YES;
				GCC_WARN_UNINITIALIZED_AUTOS = YES_AGGRESSIVE;
				GCC_WARN_UNUSED_FUNCTION = YES;
				GCC_WARN_UNUSED_VARIABLE = YES;
				IPHONEOS_DEPLOYMENT_TARGET = 13.2;
				MTL_ENABLE_DEBUG_INFO = INCLUDE_SOURCE;
				MTL_FAST_MATH = YES;
				ONLY_ACTIVE_ARCH = YES;
				SDKROOT = iphoneos;
				SWIFT_ACTIVE_COMPILATION_CONDITIONS = DEBUG;
				SWIFT_OPTIMIZATION_LEVEL = "-Onone";
			};
			name = Debug;
		};
		C2DA2D7F242F7E1C009B4A20 /* Release */ = {
			isa = XCBuildConfiguration;
			buildSettings = {
				ALWAYS_SEARCH_USER_PATHS = NO;
				CLANG_ANALYZER_NONNULL = YES;
				CLANG_ANALYZER_NUMBER_OBJECT_CONVERSION = YES_AGGRESSIVE;
				CLANG_CXX_LANGUAGE_STANDARD = "gnu++14";
				CLANG_CXX_LIBRARY = "libc++";
				CLANG_ENABLE_MODULES = YES;
				CLANG_ENABLE_OBJC_ARC = YES;
				CLANG_ENABLE_OBJC_WEAK = YES;
				CLANG_WARN_BLOCK_CAPTURE_AUTORELEASING = YES;
				CLANG_WARN_BOOL_CONVERSION = YES;
				CLANG_WARN_COMMA = YES;
				CLANG_WARN_CONSTANT_CONVERSION = YES;
				CLANG_WARN_DEPRECATED_OBJC_IMPLEMENTATIONS = YES;
				CLANG_WARN_DIRECT_OBJC_ISA_USAGE = YES_ERROR;
				CLANG_WARN_DOCUMENTATION_COMMENTS = YES;
				CLANG_WARN_EMPTY_BODY = YES;
				CLANG_WARN_ENUM_CONVERSION = YES;
				CLANG_WARN_INFINITE_RECURSION = YES;
				CLANG_WARN_INT_CONVERSION = YES;
				CLANG_WARN_NON_LITERAL_NULL_CONVERSION = YES;
				CLANG_WARN_OBJC_IMPLICIT_RETAIN_SELF = YES;
				CLANG_WARN_OBJC_LITERAL_CONVERSION = YES;
				CLANG_WARN_OBJC_ROOT_CLASS = YES_ERROR;
				CLANG_WARN_RANGE_LOOP_ANALYSIS = YES;
				CLANG_WARN_STRICT_PROTOTYPES = YES;
				CLANG_WARN_SUSPICIOUS_MOVE = YES;
				CLANG_WARN_UNGUARDED_AVAILABILITY = YES_AGGRESSIVE;
				CLANG_WARN_UNREACHABLE_CODE = YES;
				CLANG_WARN__DUPLICATE_METHOD_MATCH = YES;
				COPY_PHASE_STRIP = NO;
				DEBUG_INFORMATION_FORMAT = "dwarf-with-dsym";
				ENABLE_NS_ASSERTIONS = NO;
				ENABLE_STRICT_OBJC_MSGSEND = YES;
				GCC_C_LANGUAGE_STANDARD = gnu11;
				GCC_NO_COMMON_BLOCKS = YES;
				GCC_WARN_64_TO_32_BIT_CONVERSION = YES;
				GCC_WARN_ABOUT_RETURN_TYPE = YES_ERROR;
				GCC_WARN_UNDECLARED_SELECTOR = YES;
				GCC_WARN_UNINITIALIZED_AUTOS = YES_AGGRESSIVE;
				GCC_WARN_UNUSED_FUNCTION = YES;
				GCC_WARN_UNUSED_VARIABLE = YES;
				IPHONEOS_DEPLOYMENT_TARGET = 13.2;
				MTL_ENABLE_DEBUG_INFO = NO;
				MTL_FAST_MATH = YES;
				SDKROOT = iphoneos;
				SWIFT_COMPILATION_MODE = wholemodule;
				SWIFT_OPTIMIZATION_LEVEL = "-O";
				VALIDATE_PRODUCT = YES;
			};
			name = Release;
		};
		C2DA2D81242F7E1C009B4A20 /* Debug */ = {
			isa = XCBuildConfiguration;
			baseConfigurationReference = E099D432E27A1980040BC9A3 /* Pods-week11_SVPHUD.debug.xcconfig */;
			buildSettings = {
				ASSETCATALOG_COMPILER_APPICON_NAME = AppIcon;
				CODE_SIGN_STYLE = Automatic;
				DEVELOPMENT_TEAM = F65M79JPG8;
				INFOPLIST_FILE = week11_SVPHUD/Info.plist;
				LD_RUNPATH_SEARCH_PATHS = (
					"$(inherited)",
					"@executable_path/Frameworks",
				);
				PRODUCT_BUNDLE_IDENTIFIER = "Identifier.week11-SVPHUD";
				PRODUCT_NAME = "$(TARGET_NAME)";
				SWIFT_VERSION = 5.0;
				TARGETED_DEVICE_FAMILY = "1,2";
			};
			name = Debug;
		};
		C2DA2D82242F7E1C009B4A20 /* Release */ = {
			isa = XCBuildConfiguration;
			baseConfigurationReference = 8FF708977A7B268560A23311 /* Pods-week11_SVPHUD.release.xcconfig */;
			buildSettings = {
				ASSETCATALOG_COMPILER_APPICON_NAME = AppIcon;
				CODE_SIGN_STYLE = Automatic;
				DEVELOPMENT_TEAM = F65M79JPG8;
				INFOPLIST_FILE = week11_SVPHUD/Info.plist;
				LD_RUNPATH_SEARCH_PATHS = (
					"$(inherited)",
					"@executable_path/Frameworks",
				);
				PRODUCT_BUNDLE_IDENTIFIER = "Identifier.week11-SVPHUD";
				PRODUCT_NAME = "$(TARGET_NAME)";
				SWIFT_VERSION = 5.0;
				TARGETED_DEVICE_FAMILY = "1,2";
			};
			name = Release;
		};
/* End XCBuildConfiguration section */

/* Begin XCConfigurationList section */
		C2DA2D67242F7E1B009B4A20 /* Build configuration list for PBXProject "week11_SVPHUD" */ = {
			isa = XCConfigurationList;
			buildConfigurations = (
				C2DA2D7E242F7E1C009B4A20 /* Debug */,
				C2DA2D7F242F7E1C009B4A20 /* Release */,
			);
			defaultConfigurationIsVisible = 0;
			defaultConfigurationName = Release;
		};
		C2DA2D80242F7E1C009B4A20 /* Build configuration list for PBXNativeTarget "week11_SVPHUD" */ = {
			isa = XCConfigurationList;
			buildConfigurations = (
				C2DA2D81242F7E1C009B4A20 /* Debug */,
				C2DA2D82242F7E1C009B4A20 /* Release */,
			);
			defaultConfigurationIsVisible = 0;
			defaultConfigurationName = Release;
		};
/* End XCConfigurationList section */
	};
	rootObject = C2DA2D64242F7E1B009B4A20 /* Project object */;
}
